
Microsoft Visual Studio Solution File, Format Version 12.00
# Visual Studio Version 17
VisualStudioVersion = 17.14.37411.7
MinimumVisualStudioVersion = 10.0.40219.1
Project("{FAE04EC0-301F-11D3-BF4B-00C04F79EFBC}") = "ECommerce.App", "ECommerce.App\ECommerce.App.csproj", "{D2729690-4594-476D-869A-AE08377414BC}"
EndProject
Project("{FAE04EC0-301F-11D3-BF4B-00C04F79EFBC}") = "ECommerce.Business", "ECommerce.Business\ECommerce.Business.csproj", "{004E1174-1A02-9B9B-E5B0-829BEDC1B5B8}"
EndProject
Project("{FAE04EC0-301F-11D3-BF4B-00C04F79EFBC}") = "ECommerce.Database", "ECommerce.Database\ECommerce.Database.csproj", "{42D3AC88-B64B-1B8F-7B59-E32CA2B3923D}"
EndProject
Global
	GlobalSection(SolutionConfigurationPlatforms) = preSolution
		Debug|Any CPU = Debug|Any CPU
		Release|Any CPU = Release|Any CPU
	EndGlobalSection
	GlobalSection(ProjectConfigurationPlatforms) = postSolution
		{D2729690-4594-476D-869A-AE08377414BC}.Debug|Any CPU.ActiveCfg = Debug|Any CPU
		{D2729690-4594-476D-869A-AE08377414BC}.Debug|Any CPU.Build.0 = Debug|Any CPU
		{D2729690-4594-476D-869A-AE08377414BC}.Release|Any CPU.ActiveCfg = Release|Any CPU
		{D2729690-4594-476D-869A-AE08377414BC}.Release|Any CPU.Build.0 = Release|Any CPU
		{004E1174-1A02-9B9B-E5B0-829BEDC1B5B8}.Debug|Any CPU.ActiveCfg = Debug|Any CPU
		{004E1174-1A02-9B9B-E5B0-829BEDC1B5B8}.Debug|Any CPU.Build.0 = Debug|Any CPU
		{004E1174-1A02-9B9B-E5B0-829BEDC1B5B8}.Release|Any CPU.ActiveCfg = Release|Any CPU
		{004E1174-1A02-9B9B-E5B0-829BEDC1B5B8}.Release|Any CPU.Build.0 = Release|Any CPU
		{42D3AC88-B64B-1B8F-7B59-E32CA2B3923D}.Debug|Any CPU.ActiveCfg = Debug|Any CPU
		{42D3AC88-B64B-1B8F-7B59-E32CA2B3923D}.Debug|Any CPU.Build.0 = Debug|Any CPU
		{42D3AC88-B64B-1B8F-7B59-E32CA2B3923D}.Release|Any CPU.ActiveCfg = Release|Any CPU
		{42D3AC88-B64B-1B8F-7B59-E32CA2B3923D}.Release|Any CPU.Build.0 = Release|Any CPU
	EndGlobalSection
	GlobalSection(SolutionProperties) = preSolution
		HideSolutionNode = FALSE
	EndGlobalSection
	GlobalSection(ExtensibilityGlobals) = postSolution
		SolutionGuid = {E8D6D37F-F052-427D-960B-0CCA41AAF21C}
	EndGlobalSection
EndGlobal
